
Microsoft Visual Studio Solution File, Format Version 12.00
# Visual Studio for Mac
Project("{FAE04EC0-301F-11D3-BF4B-00C04F79EFBC}") = "Assembly-CSharp", "Assembly-CSharp.csproj", "{81D30D69-76CE-DC4A-9E03-9EB3896A0CE8}"
EndProject
Global
	GlobalSection(SolutionConfigurationPlatforms) = preSolution
		Debug|Any CPU = Debug|Any CPU
		Release|Any CPU = Release|Any CPU
	EndGlobalSection
	GlobalSection(ProjectConfigurationPlatforms) = postSolution
		{81D30D69-76CE-DC4A-9E03-9EB3896A0CE8}.Debug|Any CPU.ActiveCfg = Debug|Any CPU
		{81D30D69-76CE-DC4A-9E03-9EB3896A0CE8}.Debug|Any CPU.Build.0 = Debug|Any CPU
		{81D30D69-76CE-DC4A-9E03-9EB3896A0CE8}.Release|Any CPU.ActiveCfg = Release|Any CPU
		{81D30D69-76CE-DC4A-9E03-9EB3896A0CE8}.Release|Any CPU.Build.0 = Release|Any CPU
	EndGlobalSection
	GlobalSection(SolutionProperties) = preSolution
		HideSolutionNode = FALSE
	EndGlobalSection
EndGlobal
